// !$*UTF8*$!
{
	archiveVersion = 1;
	classes = {
	};
	objectVersion = 48;
	objects = {

/* Begin PBXBuildFile section */
		5BB11FD2CD8293283C9859B1 /* Pods_APDemoApp.framework in Frameworks */ = {isa = PBXBuildFile; fileRef = FA4E727FA8AB492724D15754 /* Pods_APDemoApp.framework */; };
		E13E4F6F1FDD83C5009993F7 /* UIImage.swift in Sources */ = {isa = PBXBuildFile; fileRef = E13E4F6E1FDD83C5009993F7 /* UIImage.swift */; };
		E13E4F711FDDB3FC009993F7 /* UITextField.swift in Sources */ = {isa = PBXBuildFile; fileRef = E13E4F701FDDB3FC009993F7 /* UITextField.swift */; };
		E13E4F731FDDB6EB009993F7 /* Colors.swift in Sources */ = {isa = PBXBuildFile; fileRef = E13E4F721FDDB6EB009993F7 /* Colors.swift */; };
		E13E4F781FDDE60C009993F7 /* ChatClient.swift in Sources */ = {isa = PBXBuildFile; fileRef = E13E4F771FDDE60C009993F7 /* ChatClient.swift */; };
		E13E4F7B1FDDE7FB009993F7 /* ChatTableViewCell.swift in Sources */ = {isa = PBXBuildFile; fileRef = E13E4F7A1FDDE7FB009993F7 /* ChatTableViewCell.swift */; };
		E16A31271FDE18AF00264352 /* ChatData.swift in Sources */ = {isa = PBXBuildFile; fileRef = E16A31261FDE18AF00264352 /* ChatData.swift */; };
		E1A3D8F81FE04B67002C6455 /* ChatDataStore.swift in Sources */ = {isa = PBXBuildFile; fileRef = E1A3D8F71FE04B67002C6455 /* ChatDataStore.swift */; };
		E1CA578F1FDCAD5900CB5E6F /* ChatViewController.swift in Sources */ = {isa = PBXBuildFile; fileRef = E1CA578E1FDCAD5900CB5E6F /* ChatViewController.swift */; };
		E1CA57911FDCAD8600CB5E6F /* LoginViewController.swift in Sources */ = {isa = PBXBuildFile; fileRef = E1CA57901FDCAD8600CB5E6F /* LoginViewController.swift */; };
		E1CA57961FDCADDA00CB5E6F /* AnimationViewController.swift in Sources */ = {isa = PBXBuildFile; fileRef = E1CA57951FDCADDA00CB5E6F /* AnimationViewController.swift */; };
		E1E92D341FDC61E70045CCAA /* AppDelegate.swift in Sources */ = {isa = PBXBuildFile; fileRef = E1E92D331FDC61E70045CCAA /* AppDelegate.swift */; };
		E1E92D361FDC61E70045CCAA /* MenuViewController.swift in Sources */ = {isa = PBXBuildFile; fileRef = E1E92D351FDC61E70045CCAA /* MenuViewController.swift */; };
		E1E92D391FDC61E70045CCAA /* Main.storyboard in Resources */ = {isa = PBXBuildFile; fileRef = E1E92D371FDC61E70045CCAA /* Main.storyboard */; };
		E1E92D3B1FDC61E70045CCAA /* Assets.xcassets in Resources */ = {isa = PBXBuildFile; fileRef = E1E92D3A1FDC61E70045CCAA /* Assets.xcassets */; };
		E1E92D3E1FDC61E70045CCAA /* LaunchScreen.storyboard in Resources */ = {isa = PBXBuildFile; fileRef = E1E92D3C1FDC61E70045CCAA /* LaunchScreen.storyboard */; };
/* End PBXBuildFile section */

/* Begin PBXFileReference section */
		6E1C1B549A1CE1E4C175FB3F /* Pods-APDemoApp.release.xcconfig */ = {isa = PBXFileReference; includeInIndex = 1; lastKnownFileType = text.xcconfig; name = "Pods-APDemoApp.release.xcconfig"; path = "Pods/Target Support Files/Pods-APDemoApp/Pods-APDemoApp.release.xcconfig"; sourceTree = "<group>"; };
		ACD72812CA20CEBA787205E7 /* Pods-APDemoApp.debug.xcconfig */ = {isa = PBXFileReference; includeInIndex = 1; lastKnownFileType = text.xcconfig; name = "Pods-APDemoApp.debug.xcconfig"; path = "Pods/Target Support Files/Pods-APDemoApp/Pods-APDemoApp.debug.xcconfig"; sourceTree = "<group>"; };
		E13E4F6E1FDD83C5009993F7 /* UIImage.swift */ = {isa = PBXFileReference; lastKnownFileType = sourcecode.swift; path = UIImage.swift; sourceTree = "<group>"; };
		E13E4F701FDDB3FC009993F7 /* UITextField.swift */ = {isa = PBXFileReference; lastKnownFileType = sourcecode.swift; path = UITextField.swift; sourceTree = "<group>"; };
		E13E4F721FDDB6EB009993F7 /* Colors.swift */ = {isa = PBXFileReference; lastKnownFileType = sourcecode.swift; path = Colors.swift; sourceTree = "<group>"; };
		E13E4F771FDDE60C009993F7 /* ChatClient.swift */ = {isa = PBXFileReference; lastKnownFileType = sourcecode.swift; path = ChatClient.swift; sourceTree = "<group>"; };
		E13E4F7A1FDDE7FB009993F7 /* ChatTableViewCell.swift */ = {isa = PBXFileReference; lastKnownFileType = sourcecode.swift; path = ChatTableViewCell.swift; sourceTree = "<group>"; };
		E16A31261FDE18AF00264352 /* ChatData.swift */ = {isa = PBXFileReference; lastKnownFileType = sourcecode.swift; path = ChatData.swift; sourceTree = "<group>"; };
		E1A3D8F71FE04B67002C6455 /* ChatDataStore.swift */ = {isa = PBXFileReference; lastKnownFileType = sourcecode.swift; path = ChatDataStore.swift; sourceTree = "<group>"; };
		E1CA578E1FDCAD5900CB5E6F /* ChatViewController.swift */ = {isa = PBXFileReference; lastKnownFileType = sourcecode.swift; path = ChatViewController.swift; sourceTree = "<group>"; };
		E1CA57901FDCAD8600CB5E6F /* LoginViewController.swift */ = {isa = PBXFileReference; lastKnownFileType = sourcecode.swift; path = LoginViewController.swift; sourceTree = "<group>"; };
		E1CA57951FDCADDA00CB5E6F /* AnimationViewController.swift */ = {isa = PBXFileReference; lastKnownFileType = sourcecode.swift; path = AnimationViewController.swift; sourceTree = "<group>"; };
		E1E92D301FDC61E70045CCAA /* APDemoApp.app */ = {isa = PBXFileReference; explicitFileType = wrapper.application; includeInIndex = 0; path = APDemoApp.app; sourceTree = BUILT_PRODUCTS_DIR; };
		E1E92D331FDC61E70045CCAA /* AppDelegate.swift */ = {isa = PBXFileReference; lastKnownFileType = sourcecode.swift; path = AppDelegate.swift; sourceTree = "<group>"; };
		E1E92D351FDC61E70045CCAA /* MenuViewController.swift */ = {isa = PBXFileReference; lastKnownFileType = sourcecode.swift; path = MenuViewController.swift; sourceTree = "<group>"; };
		E1E92D381FDC61E70045CCAA /* Base */ = {isa = PBXFileReference; lastKnownFileType = file.storyboard; name = Base; path = Base.lproj/Main.storyboard; sourceTree = "<group>"; };
		E1E92D3A1FDC61E70045CCAA /* Assets.xcassets */ = {isa = PBXFileReference; lastKnownFileType = folder.assetcatalog; path = Assets.xcassets; sourceTree = "<group>"; };
		E1E92D3D1FDC61E70045CCAA /* Base */ = {isa = PBXFileReference; lastKnownFileType = file.storyboard; name = Base; path = Base.lproj/LaunchScreen.storyboard; sourceTree = "<group>"; };
		E1E92D3F1FDC61E70045CCAA /* Info.plist */ = {isa = PBXFileReference; lastKnownFileType = text.plist.xml; path = Info.plist; sourceTree = "<group>"; };
		FA4E727FA8AB492724D15754 /* Pods_APDemoApp.framework */ = {isa = PBXFileReference; explicitFileType = wrapper.framework; includeInIndex = 0; path = Pods_APDemoApp.framework; sourceTree = BUILT_PRODUCTS_DIR; };
/* End PBXFileReference section */

/* Begin PBXFrameworksBuildPhase section */
		E1E92D2D1FDC61E70045CCAA /* Frameworks */ = {
			isa = PBXFrameworksBuildPhase;
			buildActionMask = 2147483647;
			files = (
				5BB11FD2CD8293283C9859B1 /* Pods_APDemoApp.framework in Frameworks */,
			);
			runOnlyForDeploymentPostprocessing = 0;
		};
/* End PBXFrameworksBuildPhase section */

/* Begin PBXGroup section */
		27DAEB2A5C257C01BE8AC94B /* Frameworks */ = {
			isa = PBXGroup;
			children = (
				FA4E727FA8AB492724D15754 /* Pods_APDemoApp.framework */,
			);
			name = Frameworks;
			sourceTree = "<group>";
		};
		868CCA41281D0C5CFB59BE95 /* Pods */ = {
			isa = PBXGroup;
			children = (
				ACD72812CA20CEBA787205E7 /* Pods-APDemoApp.debug.xcconfig */,
				6E1C1B549A1CE1E4C175FB3F /* Pods-APDemoApp.release.xcconfig */,
			);
			name = Pods;
			sourceTree = "<group>";
		};
		E13E4F761FDDE4AA009993F7 /* Network Manager */ = {
			isa = PBXGroup;
			children = (
				E13E4F771FDDE60C009993F7 /* ChatClient.swift */,
				E1A3D8F71FE04B67002C6455 /* ChatDataStore.swift */,
			);
			path = "Network Manager";
			sourceTree = "<group>";
		};
		E13E4F791FDDE7D1009993F7 /* Table View Cells */ = {
			isa = PBXGroup;
			children = (
				E13E4F7A1FDDE7FB009993F7 /* ChatTableViewCell.swift */,
			);
			path = "Table View Cells";
			sourceTree = "<group>";
		};
		E16A31251FDE188E00264352 /* Models */ = {
			isa = PBXGroup;
			children = (
				E16A31261FDE18AF00264352 /* ChatData.swift */,
			);
			path = Models;
			sourceTree = "<group>";
		};
		E1CA578D1FDCAD2D00CB5E6F /* View Controllers */ = {
			isa = PBXGroup;
			children = (
				E1CA57941FDCADB400CB5E6F /* MainMenuViewController */,
				E1CA57931FDCAD9D00CB5E6F /* ChatViewController */,
				E1CA57921FDCAD8B00CB5E6F /* LoginViewController */,
				E1CA57971FDCADE000CB5E6F /* AnimationViewController */,
			);
			path = "View Controllers";
			sourceTree = "<group>";
		};
		E1CA57921FDCAD8B00CB5E6F /* LoginViewController */ = {
			isa = PBXGroup;
			children = (
				E1CA57901FDCAD8600CB5E6F /* LoginViewController.swift */,
			);
			path = LoginViewController;
			sourceTree = "<group>";
		};
		E1CA57931FDCAD9D00CB5E6F /* ChatViewController */ = {
			isa = PBXGroup;
			children = (
				E1CA578E1FDCAD5900CB5E6F /* ChatViewController.swift */,
				E13E4F791FDDE7D1009993F7 /* Table View Cells */,
			);
			path = ChatViewController;
			sourceTree = "<group>";
		};
		E1CA57941FDCADB400CB5E6F /* MainMenuViewController */ = {
			isa = PBXGroup;
			children = (
				E1E92D351FDC61E70045CCAA /* MenuViewController.swift */,
			);
			path = MainMenuViewController;
			sourceTree = "<group>";
		};
		E1CA57971FDCADE000CB5E6F /* AnimationViewController */ = {
			isa = PBXGroup;
			children = (
				E1CA57951FDCADDA00CB5E6F /* AnimationViewController.swift */,
			);
			path = AnimationViewController;
			sourceTree = "<group>";
		};
		E1E92D271FDC61E70045CCAA = {
			isa = PBXGroup;
			children = (
				E1E92D321FDC61E70045CCAA /* APDemoApp */,
				E1E92D311FDC61E70045CCAA /* Products */,
				868CCA41281D0C5CFB59BE95 /* Pods */,
				27DAEB2A5C257C01BE8AC94B /* Frameworks */,
			);
			sourceTree = "<group>";
		};
		E1E92D311FDC61E70045CCAA /* Products */ = {
			isa = PBXGroup;
			children = (
				E1E92D301FDC61E70045CCAA /* APDemoApp.app */,
			);
			name = Products;
			sourceTree = "<group>";
		};
		E1E92D321FDC61E70045CCAA /* APDemoApp */ = {
			isa = PBXGroup;
			children = (
				E1E92D481FDC6BAA0045CCAA /* Application Delegate */,
				E13E4F761FDDE4AA009993F7 /* Network Manager */,
				E16A31251FDE188E00264352 /* Models */,
				E1CA578D1FDCAD2D00CB5E6F /* View Controllers */,
				E1E92D451FDC69370045CCAA /* Storyboards */,
				E1E92D491FDC75520045CCAA /* Extensions */,
				E1E92D461FDC695D0045CCAA /* Resources */,
				E1E92D471FDC69730045CCAA /* Supporting Files */,
			);
			path = APDemoApp;
			sourceTree = "<group>";
		};
		E1E92D451FDC69370045CCAA /* Storyboards */ = {
			isa = PBXGroup;
			children = (
				E1E92D371FDC61E70045CCAA /* Main.storyboard */,
				E1E92D3C1FDC61E70045CCAA /* LaunchScreen.storyboard */,
			);
			path = Storyboards;
			sourceTree = "<group>";
		};
		E1E92D461FDC695D0045CCAA /* Resources */ = {
			isa = PBXGroup;
			children = (
				E1E92D3A1FDC61E70045CCAA /* Assets.xcassets */,
			);
			path = Resources;
			sourceTree = "<group>";
		};
		E1E92D471FDC69730045CCAA /* Supporting Files */ = {
			isa = PBXGroup;
			children = (
				E1E92D3F1FDC61E70045CCAA /* Info.plist */,
			);
			path = "Supporting Files";
			sourceTree = "<group>";
		};
		E1E92D481FDC6BAA0045CCAA /* Application Delegate */ = {
			isa = PBXGroup;
			children = (
				E1E92D331FDC61E70045CCAA /* AppDelegate.swift */,
			);
			path = "Application Delegate";
			sourceTree = "<group>";
		};
		E1E92D491FDC75520045CCAA /* Extensions */ = {
			isa = PBXGroup;
			children = (
				E13E4F6E1FDD83C5009993F7 /* UIImage.swift */,
				E13E4F701FDDB3FC009993F7 /* UITextField.swift */,
				E13E4F721FDDB6EB009993F7 /* Colors.swift */,
			);
			path = Extensions;
			sourceTree = "<group>";
		};
/* End PBXGroup section */

/* Begin PBXNativeTarget section */
		E1E92D2F1FDC61E70045CCAA /* APDemoApp */ = {
			isa = PBXNativeTarget;
			buildConfigurationList = E1E92D421FDC61E70045CCAA /* Build configuration list for PBXNativeTarget "APDemoApp" */;
			buildPhases = (
				EB4BD7E11E129DD6FB3733DA /* [CP] Check Pods Manifest.lock */,
				E1E92D2C1FDC61E70045CCAA /* Sources */,
				E1E92D2D1FDC61E70045CCAA /* Frameworks */,
				E1E92D2E1FDC61E70045CCAA /* Resources */,
				CB0AACC5D4F0EA55A06304B1 /* [CP] Embed Pods Frameworks */,
				8C006FE51C486A8CA4722448 /* [CP] Copy Pods Resources */,
			);
			buildRules = (
			);
			dependencies = (
			);
			name = APDemoApp;
			productName = APDemoApp;
			productReference = E1E92D301FDC61E70045CCAA /* APDemoApp.app */;
			productType = "com.apple.product-type.application";
		};
/* End PBXNativeTarget section */

/* Begin PBXProject section */
		E1E92D281FDC61E70045CCAA /* Project object */ = {
			isa = PBXProject;
			attributes = {
				LastSwiftUpdateCheck = 0900;
				LastUpgradeCheck = 0900;
				ORGANIZATIONNAME = "Dennis Vera";
				TargetAttributes = {
					E1E92D2F1FDC61E70045CCAA = {
						CreatedOnToolsVersion = 9.0;
						ProvisioningStyle = Automatic;
					};
				};
			};
			buildConfigurationList = E1E92D2B1FDC61E70045CCAA /* Build configuration list for PBXProject "APDemoApp" */;
			compatibilityVersion = "Xcode 8.0";
			developmentRegion = en;
			hasScannedForEncodings = 0;
			knownRegions = (
				en,
				Base,
			);
			mainGroup = E1E92D271FDC61E70045CCAA;
			productRefGroup = E1E92D311FDC61E70045CCAA /* Products */;
			projectDirPath = "";
			projectRoot = "";
			targets = (
				E1E92D2F1FDC61E70045CCAA /* APDemoApp */,
			);
		};
/* End PBXProject section */

/* Begin PBXResourcesBuildPhase section */
		E1E92D2E1FDC61E70045CCAA /* Resources */ = {
			isa = PBXResourcesBuildPhase;
			buildActionMask = 2147483647;
			files = (
				E1E92D3E1FDC61E70045CCAA /* LaunchScreen.storyboard in Resources */,
				E1E92D3B1FDC61E70045CCAA /* Assets.xcassets in Resources */,
				E1E92D391FDC61E70045CCAA /* Main.storyboard in Resources */,
			);
			runOnlyForDeploymentPostprocessing = 0;
		};
/* End PBXResourcesBuildPhase section */

/* Begin PBXShellScriptBuildPhase section */
		8C006FE51C486A8CA4722448 /* [CP] Copy Pods Resources */ = {
			isa = PBXShellScriptBuildPhase;
			buildActionMask = 2147483647;
			files = (
			);
			inputPaths = (
			);
			name = "[CP] Copy Pods Resources";
			outputPaths = (
			);
			runOnlyForDeploymentPostprocessing = 0;
			shellPath = /bin/sh;
			shellScript = "\"${SRCROOT}/Pods/Target Support Files/Pods-APDemoApp/Pods-APDemoApp-resources.sh\"\n";
			showEnvVarsInLog = 0;
		};
		CB0AACC5D4F0EA55A06304B1 /* [CP] Embed Pods Frameworks */ = {
			isa = PBXShellScriptBuildPhase;
			buildActionMask = 2147483647;
			files = (
			);
			inputPaths = (
				"${SRCROOT}/Pods/Target Support Files/Pods-APDemoApp/Pods-APDemoApp-frameworks.sh",
				"${BUILT_PRODUCTS_DIR}/SwiftyJSON/SwiftyJSON.framework",
			);
			name = "[CP] Embed Pods Frameworks";
			outputPaths = (
				"${TARGET_BUILD_DIR}/${FRAMEWORKS_FOLDER_PATH}/SwiftyJSON.framework",
			);
			runOnlyForDeploymentPostprocessing = 0;
			shellPath = /bin/sh;
			shellScript = "\"${SRCROOT}/Pods/Target Support Files/Pods-APDemoApp/Pods-APDemoApp-frameworks.sh\"\n";
			showEnvVarsInLog = 0;
		};
		EB4BD7E11E129DD6FB3733DA /* [CP] Check Pods Manifest.lock */ = {
			isa = PBXShellScriptBuildPhase;
			buildActionMask = 2147483647;
			files = (
			);
			inputPaths = (
				"${PODS_PODFILE_DIR_PATH}/Podfile.lock",
				"${PODS_ROOT}/Manifest.lock",
			);
			name = "[CP] Check Pods Manifest.lock";
			outputPaths = (
				"$(DERIVED_FILE_DIR)/Pods-APDemoApp-checkManifestLockResult.txt",
			);
			runOnlyForDeploymentPostprocessing = 0;
			shellPath = /bin/sh;
			shellScript = "diff \"${PODS_PODFILE_DIR_PATH}/Podfile.lock\" \"${PODS_ROOT}/Manifest.lock\" > /dev/null\nif [ $? != 0 ] ; then\n    # print error to STDERR\n    echo \"error: The sandbox is not in sync with the Podfile.lock. Run 'pod install' or update your CocoaPods installation.\" >&2\n    exit 1\nfi\n# This output is used by Xcode 'outputs' to avoid re-running this script phase.\necho \"SUCCESS\" > \"${SCRIPT_OUTPUT_FILE_0}\"\n";
			showEnvVarsInLog = 0;
		};
/* End PBXShellScriptBuildPhase section */

/* Begin PBXSourcesBuildPhase section */
		E1E92D2C1FDC61E70045CCAA /* Sources */ = {
			isa = PBXSourcesBuildPhase;
			buildActionMask = 2147483647;
			files = (
				E1E92D361FDC61E70045CCAA /* MenuViewController.swift in Sources */,
				E13E4F731FDDB6EB009993F7 /* Colors.swift in Sources */,
				E1A3D8F81FE04B67002C6455 /* ChatDataStore.swift in Sources */,
				E16A31271FDE18AF00264352 /* ChatData.swift in Sources */,
				E1E92D341FDC61E70045CCAA /* AppDelegate.swift in Sources */,
				E1CA578F1FDCAD5900CB5E6F /* ChatViewController.swift in Sources */,
				E13E4F6F1FDD83C5009993F7 /* UIImage.swift in Sources */,
				E13E4F711FDDB3FC009993F7 /* UITextField.swift in Sources */,
				E1CA57961FDCADDA00CB5E6F /* AnimationViewController.swift in Sources */,
				E13E4F7B1FDDE7FB009993F7 /* ChatTableViewCell.swift in Sources */,
				E13E4F781FDDE60C009993F7 /* ChatClient.swift in Sources */,
				E1CA57911FDCAD8600CB5E6F /* LoginViewController.swift in Sources */,
			);
			runOnlyForDeploymentPostprocessing = 0;
		};
/* End PBXSourcesBuildPhase section */

/* Begin PBXVariantGroup section */
		E1E92D371FDC61E70045CCAA /* Main.storyboard */ = {
			isa = PBXVariantGroup;
			children = (
				E1E92D381FDC61E70045CCAA /* Base */,
			);
			name = Main.storyboard;
			sourceTree = "<group>";
		};
		E1E92D3C1FDC61E70045CCAA /* LaunchScreen.storyboard */ = {
			isa = PBXVariantGroup;
			children = (
				E1E92D3D1FDC61E70045CCAA /* Base */,
			);
			name = LaunchScreen.storyboard;
			sourceTree = "<group>";
		};
/* End PBXVariantGroup section */

/* Begin XCBuildConfiguration section */
		E1E92D401FDC61E70045CCAA /* Debug */ = {
			isa = XCBuildConfiguration;
			buildSettings = {
				ALWAYS_SEARCH_USER_PATHS = NO;
				CLANG_ANALYZER_NONNULL = YES;
				CLANG_ANALYZER_NUMBER_OBJECT_CONVERSION = YES_AGGRESSIVE;
				CLANG_CXX_LANGUAGE_STANDARD = "gnu++14";
				CLANG_CXX_LIBRARY = "libc++";
				CLANG_ENABLE_MODULES = YES;
				CLANG_ENABLE_OBJC_ARC = YES;
				CLANG_WARN_BLOCK_CAPTURE_AUTORELEASING = YES;
				CLANG_WARN_BOOL_CONVERSION = YES;
				CLANG_WARN_COMMA = YES;
				CLANG_WARN_CONSTANT_CONVERSION = YES;
				CLANG_WARN_DIRECT_OBJC_ISA_USAGE = YES_ERROR;
				CLANG_WARN_DOCUMENTATION_COMMENTS = YES;
				CLANG_WARN_EMPTY_BODY = YES;
				CLANG_WARN_ENUM_CONVERSION = YES;
				CLANG_WARN_INFINITE_RECURSION = YES;
				CLANG_WARN_INT_CONVERSION = YES;
				CLANG_WARN_NON_LITERAL_NULL_CONVERSION = YES;
				CLANG_WARN_OBJC_LITERAL_CONVERSION = YES;
				CLANG_WARN_OBJC_ROOT_CLASS = YES_ERROR;
				CLANG_WARN_RANGE_LOOP_ANALYSIS = YES;
				CLANG_WARN_STRICT_PROTOTYPES = YES;
				CLANG_WARN_SUSPICIOUS_MOVE = YES;
				CLANG_WARN_UNGUARDED_AVAILABILITY = YES_AGGRESSIVE;
				CLANG_WARN_UNREACHABLE_CODE = YES;
				CLANG_WARN__DUPLICATE_METHOD_MATCH = YES;
				CODE_SIGN_IDENTITY = "iPhone Developer";
				COPY_PHASE_STRIP = NO;
				DEBUG_INFORMATION_FORMAT = dwarf;
				ENABLE_STRICT_OBJC_MSGSEND = YES;
				ENABLE_TESTABILITY = YES;
				GCC_C_LANGUAGE_STANDARD = gnu11;
				GCC_DYNAMIC_NO_PIC = NO;
				GCC_NO_COMMON_BLOCKS = YES;
				GCC_OPTIMIZATION_LEVEL = 0;
				GCC_PREPROCESSOR_DEFINITIONS = (
					"DEBUG=1",
					"$(inherited)",
				);
				GCC_WARN_64_TO_32_BIT_CONVERSION = YES;
				GCC_WARN_ABOUT_RETURN_TYPE = YES_ERROR;
				GCC_WARN_UNDECLARED_SELECTOR = YES;
				GCC_WARN_UNINITIALIZED_AUTOS = YES_AGGRESSIVE;
				GCC_WARN_UNUSED_FUNCTION = YES;
				GCC_WARN_UNUSED_VARIABLE = YES;
				IPHONEOS_DEPLOYMENT_TARGET = 11.0;
				MTL_ENABLE_DEBUG_INFO = YES;
				ONLY_ACTIVE_ARCH = YES;
				SDKROOT = iphoneos;
				SWIFT_ACTIVE_COMPILATION_CONDITIONS = DEBUG;
				SWIFT_OPTIMIZATION_LEVEL = "-Onone";
			};
			name = Debug;
		};
		E1E92D411FDC61E70045CCAA /* Release */ = {
			isa = XCBuildConfiguration;
			buildSettings = {
				ALWAYS_SEARCH_USER_PATHS = NO;
				CLANG_ANALYZER_NONNULL = YES;
				CLANG_ANALYZER_NUMBER_OBJECT_CONVERSION = YES_AGGRESSIVE;
				CLANG_CXX_LANGUAGE_STANDARD = "gnu++14";
				CLANG_CXX_LIBRARY = "libc++";
				CLANG_ENABLE_MODULES = YES;
				CLANG_ENABLE_OBJC_ARC = YES;
				CLANG_WARN_BLOCK_CAPTURE_AUTORELEASING = YES;
				CLANG_WARN_BOOL_CONVERSION = YES;
				CLANG_WARN_COMMA = YES;
				CLANG_WARN_CONSTANT_CONVERSION = YES;
				CLANG_WARN_DIRECT_OBJC_ISA_USAGE = YES_ERROR;
				CLANG_WARN_DOCUMENTATION_COMMENTS = YES;
				CLANG_WARN_EMPTY_BODY = YES;
				CLANG_WARN_ENUM_CONVERSION = YES;
				CLANG_WARN_INFINITE_RECURSION = YES;
				CLANG_WARN_INT_CONVERSION = YES;
				CLANG_WARN_NON_LITERAL_NULL_CONVERSION = YES;
				CLANG_WARN_OBJC_LITERAL_CONVERSION = YES;
				CLANG_WARN_OBJC_ROOT_CLASS = YES_ERROR;
				CLANG_WARN_RANGE_LOOP_ANALYSIS = YES;
				CLANG_WARN_STRICT_PROTOTYPES = YES;
				CLANG_WARN_SUSPICIOUS_MOVE = YES;
				CLANG_WARN_UNGUARDED_AVAILABILITY = YES_AGGRESSIVE;
				CLANG_WARN_UNREACHABLE_CODE = YES;
				CLANG_WARN__DUPLICATE_METHOD_MATCH = YES;
				CODE_SIGN_IDENTITY = "iPhone Developer";
				COPY_PHASE_STRIP = NO;
				DEBUG_INFORMATION_FORMAT = "dwarf-with-dsym";
				ENABLE_NS_ASSERTIONS = NO;
				ENABLE_STRICT_OBJC_MSGSEND = YES;
				GCC_C_LANGUAGE_STANDARD = gnu11;
				GCC_NO_COMMON_BLOCKS = YES;
				GCC_WARN_64_TO_32_BIT_CONVERSION = YES;
				GCC_WARN_ABOUT_RETURN_TYPE = YES_ERROR;
				GCC_WARN_UNDECLARED_SELECTOR = YES;
				GCC_WARN_UNINITIALIZED_AUTOS = YES_AGGRESSIVE;
				GCC_WARN_UNUSED_FUNCTION = YES;
				GCC_WARN_UNUSED_VARIABLE = YES;
				IPHONEOS_DEPLOYMENT_TARGET = 11.0;
				MTL_ENABLE_DEBUG_INFO = NO;
				SDKROOT = iphoneos;
				SWIFT_OPTIMIZATION_LEVEL = "-Owholemodule";
				VALIDATE_PRODUCT = YES;
			};
			name = Release;
		};
		E1E92D431FDC61E70045CCAA /* Debug */ = {
			isa = XCBuildConfiguration;
			baseConfigurationReference = ACD72812CA20CEBA787205E7 /* Pods-APDemoApp.debug.xcconfig */;
			buildSettings = {
				ASSETCATALOG_COMPILER_APPICON_NAME = AppIcon;
				ASSETCATALOG_COMPILER_LAUNCHIMAGE_NAME = LaunchImage;
				CODE_SIGN_STYLE = Automatic;
				DEVELOPMENT_TEAM = K24N6NL7FA;
				INFOPLIST_FILE = "$(SRCROOT)/APDemoApp/Supporting Files/Info.plist";
				LD_RUNPATH_SEARCH_PATHS = "$(inherited) @executable_path/Frameworks";
				PRODUCT_BUNDLE_IDENTIFIER = dennisv.APDemoApp;
				PRODUCT_NAME = "$(TARGET_NAME)";
				SWIFT_VERSION = 4.0;
				TARGETED_DEVICE_FAMILY = "1,2";
			};
			name = Debug;
		};
		E1E92D441FDC61E70045CCAA /* Release */ = {
			isa = XCBuildConfiguration;
			baseConfigurationReference = 6E1C1B549A1CE1E4C175FB3F /* Pods-APDemoApp.release.xcconfig */;
			buildSettings = {
				ASSETCATALOG_COMPILER_APPICON_NAME = AppIcon;
				ASSETCATALOG_COMPILER_LAUNCHIMAGE_NAME = LaunchImage;
				CODE_SIGN_STYLE = Automatic;
				DEVELOPMENT_TEAM = K24N6NL7FA;
				INFOPLIST_FILE = "$(SRCROOT)/APDemoApp/Supporting Files/Info.plist";
				LD_RUNPATH_SEARCH_PATHS = "$(inherited) @executable_path/Frameworks";
				PRODUCT_BUNDLE_IDENTIFIER = dennisv.APDemoApp;
				PRODUCT_NAME = "$(TARGET_NAME)";
				SWIFT_VERSION = 4.0;
				TARGETED_DEVICE_FAMILY = "1,2";
			};
			name = Release;
		};
/* End XCBuildConfiguration section */

/* Begin XCConfigurationList section */
		E1E92D2B1FDC61E70045CCAA /* Build configuration list for PBXProject "APDemoApp" */ = {
			isa = XCConfigurationList;
			buildConfigurations = (
				E1E92D401FDC61E70045CCAA /* Debug */,
				E1E92D411FDC61E70045CCAA /* Release */,
			);
			defaultConfigurationIsVisible = 0;
			defaultConfigurationName = Release;
		};
		E1E92D421FDC61E70045CCAA /* Build configuration list for PBXNativeTarget "APDemoApp" */ = {
			isa = XCConfigurationList;
			buildConfigurations = (
				E1E92D431FDC61E70045CCAA /* Debug */,
				E1E92D441FDC61E70045CCAA /* Release */,
			);
			defaultConfigurationIsVisible = 0;
			defaultConfigurationName = Release;
		};
/* End XCConfigurationList section */
	};
	rootObject = E1E92D281FDC61E70045CCAA /* Project object */;
}
